
Microsoft Visual Studio Solution File, Format Version 12.00
# Visual Studio Version 16
VisualStudioVersion = 16.0.29318.209
MinimumVisualStudioVersion = 10.0.40219.1
Project("{FAE04EC0-301F-11D3-BF4B-00C04F79EFBC}") = "Payroll", "Payroll\Payroll.csproj", "{CC732136-C415-4EA0-A25C-8EBDE62B876E}"
EndProject
Global
	GlobalSection(SolutionConfigurationPlatforms) = preSolution
		Debug|Any CPU = Debug|Any CPU
		Release|Any CPU = Release|Any CPU
	EndGlobalSection
	GlobalSection(ProjectConfigurationPlatforms) = postSolution
		{CC732136-C415-4EA0-A25C-8EBDE62B876E}.Debug|Any CPU.ActiveCfg = Debug|Any CPU
		{CC732136-C415-4EA0-A25C-8EBDE62B876E}.Debug|Any CPU.Build.0 = Debug|Any CPU
		{CC732136-C415-4EA0-A25C-8EBDE62B876E}.Release|Any CPU.ActiveCfg = Release|Any CPU
		{CC732136-C415-4EA0-A25C-8EBDE62B876E}.Release|Any CPU.Build.0 = Release|Any CPU
	EndGlobalSection
	GlobalSection(SolutionProperties) = preSolution
		HideSolutionNode = FALSE
	EndGlobalSection
	GlobalSection(ExtensibilityGlobals) = postSolution
		SolutionGuid = {5FE1F8AC-E302-4E96-ADBA-206DF12B8FEF}
	EndGlobalSection
EndGlobal
